
Microsoft Visual Studio Solution File, Format Version 12.00
# Visual Studio Version 16
VisualStudioVersion = 16.0.31105.61
MinimumVisualStudioVersion = 10.0.40219.1
Project("{FAE04EC0-301F-11D3-BF4B-00C04F79EFBC}") = "SmartZoneService", "SmartZoneService\SmartZoneService.csproj", "{C0D36955-AEF7-4913-8A0F-93489583F1FC}"
EndProject
Project("{FAE04EC0-301F-11D3-BF4B-00C04F79EFBC}") = "SmartZone.Entities", "SmartZone.Entities\SmartZone.Entities.csproj", "{2488B285-E4A9-4C6A-B31A-2BFCAC684B66}"
EndProject
Project("{FAE04EC0-301F-11D3-BF4B-00C04F79EFBC}") = "SmartZone.Contracts", "SmartZone.Contracts\SmartZone.Contracts.csproj", "{A6F05AC6-0771-44B1-A477-0C9B76380E57}"
EndProject
Project("{FAE04EC0-301F-11D3-BF4B-00C04F79EFBC}") = "SmartZone.Repositories", "SmartZone.Repositories\SmartZone.Repositories.csproj", "{1D573DA9-8663-4444-B36E-662A4AB73040}"
EndProject
Project("{FAE04EC0-301F-11D3-BF4B-00C04F79EFBC}") = "SmartZone.DataObjects", "SmartZone.DataObjects\SmartZone.DataObjects.csproj", "{261C2AE1-B32F-4AAF-9BD4-A8EA832B95AE}"
EndProject
Global
	GlobalSection(SolutionConfigurationPlatforms) = preSolution
		Debug|Any CPU = Debug|Any CPU
		Release|Any CPU = Release|Any CPU
	EndGlobalSection
	GlobalSection(ProjectConfigurationPlatforms) = postSolution
		{C0D36955-AEF7-4913-8A0F-93489583F1FC}.Debug|Any CPU.ActiveCfg = Debug|Any CPU
		{C0D36955-AEF7-4913-8A0F-93489583F1FC}.Debug|Any CPU.Build.0 = Debug|Any CPU
		{C0D36955-AEF7-4913-8A0F-93489583F1FC}.Release|Any CPU.ActiveCfg = Release|Any CPU
		{C0D36955-AEF7-4913-8A0F-93489583F1FC}.Release|Any CPU.Build.0 = Release|Any CPU
		{2488B285-E4A9-4C6A-B31A-2BFCAC684B66}.Debug|Any CPU.ActiveCfg = Debug|Any CPU
		{2488B285-E4A9-4C6A-B31A-2BFCAC684B66}.Debug|Any CPU.Build.0 = Debug|Any CPU
		{2488B285-E4A9-4C6A-B31A-2BFCAC684B66}.Release|Any CPU.ActiveCfg = Release|Any CPU
		{2488B285-E4A9-4C6A-B31A-2BFCAC684B66}.Release|Any CPU.Build.0 = Release|Any CPU
		{A6F05AC6-0771-44B1-A477-0C9B76380E57}.Debug|Any CPU.ActiveCfg = Debug|Any CPU
		{A6F05AC6-0771-44B1-A477-0C9B76380E57}.Debug|Any CPU.Build.0 = Debug|Any CPU
		{A6F05AC6-0771-44B1-A477-0C9B76380E57}.Release|Any CPU.ActiveCfg = Release|Any CPU
		{A6F05AC6-0771-44B1-A477-0C9B76380E57}.Release|Any CPU.Build.0 = Release|Any CPU
		{1D573DA9-8663-4444-B36E-662A4AB73040}.Debug|Any CPU.ActiveCfg = Debug|Any CPU
		{1D573DA9-8663-4444-B36E-662A4AB73040}.Debug|Any CPU.Build.0 = Debug|Any CPU
		{1D573DA9-8663-4444-B36E-662A4AB73040}.Release|Any CPU.ActiveCfg = Release|Any CPU
		{1D573DA9-8663-4444-B36E-662A4AB73040}.Release|Any CPU.Build.0 = Release|Any CPU
		{261C2AE1-B32F-4AAF-9BD4-A8EA832B95AE}.Debug|Any CPU.ActiveCfg = Debug|Any CPU
		{261C2AE1-B32F-4AAF-9BD4-A8EA832B95AE}.Debug|Any CPU.Build.0 = Debug|Any CPU
		{261C2AE1-B32F-4AAF-9BD4-A8EA832B95AE}.Release|Any CPU.ActiveCfg = Release|Any CPU
		{261C2AE1-B32F-4AAF-9BD4-A8EA832B95AE}.Release|Any CPU.Build.0 = Release|Any CPU
	EndGlobalSection
	GlobalSection(SolutionProperties) = preSolution
		HideSolutionNode = FALSE
	EndGlobalSection
	GlobalSection(ExtensibilityGlobals) = postSolution
		SolutionGuid = {35F59FE4-7C0B-4081-ACA8-058946622A4B}
	EndGlobalSection
EndGlobal
